
Microsoft Visual Studio Solution File, Format Version 12.00
# Visual Studio Version 17
VisualStudioVersion = 17.9.34723.18
MinimumVisualStudioVersion = 10.0.40219.1
Project("{FAE04EC0-301F-11D3-BF4B-00C04F79EFBC}") = "WannaBet", "WannaBet.csproj", "{1061E327-D1A5-4D05-84C2-CAB2527188BA}"
EndProject
Project("{FAE04EC0-301F-11D3-BF4B-00C04F79EFBC}") = "WannaBet.Tests", "..\WannaBet.Tests\WannaBet.Tests.csproj", "{EA474A9A-B961-4273-B570-18C8BE6C9C1B}"
EndProject
Project("{FAE04EC0-301F-11D3-BF4B-00C04F79EFBC}") = "WannaBetClassLibrary", "..\WannaBetClassLibrary\WannaBetClassLibrary.csproj", "{A16C648D-0E04-4E30-9B2F-96B8C8A3D7B1}"
EndProject
Project("{FAE04EC0-301F-11D3-BF4B-00C04F79EFBC}") = "Utilities", "..\Utilities\Utilities.csproj", "{BFE4CA47-3787-4CC8-A0E4-897D7F6897D9}"
EndProject
Global
	GlobalSection(SolutionConfigurationPlatforms) = preSolution
		Debug|Any CPU = Debug|Any CPU
		Release|Any CPU = Release|Any CPU
	EndGlobalSection
	GlobalSection(ProjectConfigurationPlatforms) = postSolution
		{1061E327-D1A5-4D05-84C2-CAB2527188BA}.Debug|Any CPU.ActiveCfg = Debug|Any CPU
		{1061E327-D1A5-4D05-84C2-CAB2527188BA}.Debug|Any CPU.Build.0 = Debug|Any CPU
		{1061E327-D1A5-4D05-84C2-CAB2527188BA}.Release|Any CPU.ActiveCfg = Release|Any CPU
		{1061E327-D1A5-4D05-84C2-CAB2527188BA}.Release|Any CPU.Build.0 = Release|Any CPU
		{EA474A9A-B961-4273-B570-18C8BE6C9C1B}.Debug|Any CPU.ActiveCfg = Debug|Any CPU
		{EA474A9A-B961-4273-B570-18C8BE6C9C1B}.Debug|Any CPU.Build.0 = Debug|Any CPU
		{EA474A9A-B961-4273-B570-18C8BE6C9C1B}.Release|Any CPU.ActiveCfg = Release|Any CPU
		{EA474A9A-B961-4273-B570-18C8BE6C9C1B}.Release|Any CPU.Build.0 = Release|Any CPU
		{A16C648D-0E04-4E30-9B2F-96B8C8A3D7B1}.Debug|Any CPU.ActiveCfg = Debug|Any CPU
		{A16C648D-0E04-4E30-9B2F-96B8C8A3D7B1}.Debug|Any CPU.Build.0 = Debug|Any CPU
		{A16C648D-0E04-4E30-9B2F-96B8C8A3D7B1}.Release|Any CPU.ActiveCfg = Release|Any CPU
		{A16C648D-0E04-4E30-9B2F-96B8C8A3D7B1}.Release|Any CPU.Build.0 = Release|Any CPU
		{BFE4CA47-3787-4CC8-A0E4-897D7F6897D9}.Debug|Any CPU.ActiveCfg = Debug|Any CPU
		{BFE4CA47-3787-4CC8-A0E4-897D7F6897D9}.Debug|Any CPU.Build.0 = Debug|Any CPU
		{BFE4CA47-3787-4CC8-A0E4-897D7F6897D9}.Release|Any CPU.ActiveCfg = Release|Any CPU
		{BFE4CA47-3787-4CC8-A0E4-897D7F6897D9}.Release|Any CPU.Build.0 = Release|Any CPU
	EndGlobalSection
	GlobalSection(SolutionProperties) = preSolution
		HideSolutionNode = FALSE
	EndGlobalSection
	GlobalSection(ExtensibilityGlobals) = postSolution
		SolutionGuid = {3B52F7DE-7A64-4082-981A-4DA1C5E5F2BC}
	EndGlobalSection
EndGlobal
